// !$*UTF8*$!
{
	archiveVersion = 1;
	classes = {
	};
	objectVersion = 46;
	objects = {

/* Begin PBXBuildFile section */
		5421A0CD1CCD0E8800BD355A /* AppDelegate.swift in Sources */ = {isa = PBXBuildFile; fileRef = 5421A0CC1CCD0E8800BD355A /* AppDelegate.swift */; };
		5421A0CF1CCD0E8800BD355A /* ViewController.swift in Sources */ = {isa = PBXBuildFile; fileRef = 5421A0CE1CCD0E8800BD355A /* ViewController.swift */; };
		5421A0D21CCD0E8800BD355A /* Main.storyboard in Resources */ = {isa = PBXBuildFile; fileRef = 5421A0D01CCD0E8800BD355A /* Main.storyboard */; };
		5421A0D41CCD0E8800BD355A /* Assets.xcassets in Resources */ = {isa = PBXBuildFile; fileRef = 5421A0D31CCD0E8800BD355A /* Assets.xcassets */; };
		5421A0D71CCD0E8800BD355A /* LaunchScreen.storyboard in Resources */ = {isa = PBXBuildFile; fileRef = 5421A0D51CCD0E8800BD355A /* LaunchScreen.storyboard */; };
/* End PBXBuildFile section */

/* Begin PBXFileReference section */
		5421A0C91CCD0E8800BD355A /* listview.app */ = {isa = PBXFileReference; explicitFileType = wrapper.application; includeInIndex = 0; path = listview.app; sourceTree = BUILT_PRODUCTS_DIR; };
		5421A0CC1CCD0E8800BD355A /* AppDelegate.swift */ = {isa = PBXFileReference; lastKnownFileType = sourcecode.swift; path = AppDelegate.swift; sourceTree = "<group>"; };
		5421A0CE1CCD0E8800BD355A /* ViewController.swift */ = {isa = PBXFileReference; lastKnownFileType = sourcecode.swift; path = ViewController.swift; sourceTree = "<group>"; };
		5421A0D11CCD0E8800BD355A /* Base */ = {isa = PBXFileReference; lastKnownFileType = file.storyboard; name = Base; path = Base.lproj/Main.storyboard; sourceTree = "<group>"; };
		5421A0D31CCD0E8800BD355A /* Assets.xcassets */ = {isa = PBXFileReference; lastKnownFileType = folder.assetcatalog; path = Assets.xcassets; sourceTree = "<group>"; };
		5421A0D61CCD0E8800BD355A /* Base */ = {isa = PBXFileReference; lastKnownFileType = file.storyboard; name = Base; path = Base.lproj/LaunchScreen.storyboard; sourceTree = "<group>"; };
		5421A0D81CCD0E8800BD355A /* Info.plist */ = {isa = PBXFileReference; lastKnownFileType = text.plist.xml; path = Info.plist; sourceTree = "<group>"; };
/* End PBXFileReference section */

/* Begin PBXFrameworksBuildPhase section */
		5421A0C61CCD0E8800BD355A /* Frameworks */ = {
			isa = PBXFrameworksBuildPhase;
			buildActionMask = 2147483647;
			files = (
			);
			runOnlyForDeploymentPostprocessing = 0;
		};
/* End PBXFrameworksBuildPhase section */

/* Begin PBXGroup section */
		5421A0C01CCD0E8700BD355A = {
			isa = PBXGroup;
			children = (
				5421A0CB1CCD0E8800BD355A /* listview */,
				5421A0CA1CCD0E8800BD355A /* Products */,
			);
			sourceTree = "<group>";
		};
		5421A0CA1CCD0E8800BD355A /* Products */ = {
			isa = PBXGroup;
			children = (
				5421A0C91CCD0E8800BD355A /* listview.app */,
			);
			name = Products;
			sourceTree = "<group>";
		};
		5421A0CB1CCD0E8800BD355A /* listview */ = {
			isa = PBXGroup;
			children = (
				5421A0CC1CCD0E8800BD355A /* AppDelegate.swift */,
				5421A0CE1CCD0E8800BD355A /* ViewController.swift */,
				5421A0D01CCD0E8800BD355A /* Main.storyboard */,
				5421A0D31CCD0E8800BD355A /* Assets.xcassets */,
				5421A0D51CCD0E8800BD355A /* LaunchScreen.storyboard */,
				5421A0D81CCD0E8800BD355A /* Info.plist */,
			);
			path = listview;
			sourceTree = "<group>";
		};
/* End PBXGroup section */

/* Begin PBXNativeTarget section */
		5421A0C81CCD0E8800BD355A /* listview */ = {
			isa = PBXNativeTarget;
			buildConfigurationList = 5421A0DB1CCD0E8800BD355A /* Build configuration list for PBXNativeTarget "listview" */;
			buildPhases = (
				5421A0C51CCD0E8800BD355A /* Sources */,
				5421A0C61CCD0E8800BD355A /* Frameworks */,
				5421A0C71CCD0E8800BD355A /* Resources */,
			);
			buildRules = (
			);
			dependencies = (
			);
			name = listview;
			productName = listview;
			productReference = 5421A0C91CCD0E8800BD355A /* listview.app */;
			productType = "com.apple.product-type.application";
		};
/* End PBXNativeTarget section */

/* Begin PBXProject section */
		5421A0C11CCD0E8700BD355A /* Project object */ = {
			isa = PBXProject;
			attributes = {
				LastSwiftUpdateCheck = 0730;
				LastUpgradeCheck = 0730;
				ORGANIZATIONNAME = "kat-co";
				TargetAttributes = {
					5421A0C81CCD0E8800BD355A = {
						CreatedOnToolsVersion = 7.3;
						DevelopmentTeam = QDUUW7F987;
					};
				};
			};
			buildConfigurationList = 5421A0C41CCD0E8700BD355A /* Build configuration list for PBXProject "listview" */;
			compatibilityVersion = "Xcode 3.2";
			developmentRegion = English;
			hasScannedForEncodings = 0;
			knownRegions = (
				en,
				Base,
			);
			mainGroup = 5421A0C01CCD0E8700BD355A;
			productRefGroup = 5421A0CA1CCD0E8800BD355A /* Products */;
			projectDirPath = "";
			projectRoot = "";
			targets = (
				5421A0C81CCD0E8800BD355A /* listview */,
			);
		};
/* End PBXProject section */

/* Begin PBXResourcesBuildPhase section */
		5421A0C71CCD0E8800BD355A /* Resources */ = {
			isa = PBXResourcesBuildPhase;
			buildActionMask = 2147483647;
			files = (
				5421A0D71CCD0E8800BD355A /* LaunchScreen.storyboard in Resources */,
				5421A0D41CCD0E8800BD355A /* Assets.xcassets in Resources */,
				5421A0D21CCD0E8800BD355A /* Main.storyboard in Resources */,
			);
			runOnlyForDeploymentPostprocessing = 0;
		};
/* End PBXResourcesBuildPhase section */

/* Begin PBXSourcesBuildPhase section */
		5421A0C51CCD0E8800BD355A /* Sources */ = {
			isa = PBXSourcesBuildPhase;
			buildActionMask = 2147483647;
			files = (
				5421A0CF1CCD0E8800BD355A /* ViewController.swift in Sources */,
				5421A0CD1CCD0E8800BD355A /* AppDelegate.swift in Sources */,
			);
			runOnlyForDeploymentPostprocessing = 0;
		};
/* End PBXSourcesBuildPhase section */

/* Begin PBXVariantGroup section */
		5421A0D01CCD0E8800BD355A /* Main.storyboard */ = {
			isa = PBXVariantGroup;
			children = (
				5421A0D11CCD0E8800BD355A /* Base */,
			);
			name = Main.storyboard;
			sourceTree = "<group>";
		};
		5421A0D51CCD0E8800BD355A /* LaunchScreen.storyboard */ = {
			isa = PBXVariantGroup;
			children = (
				5421A0D61CCD0E8800BD355A /* Base */,
			);
			name = LaunchScreen.storyboard;
			sourceTree = "<group>";
		};
/* End PBXVariantGroup section */

/* Begin XCBuildConfiguration section */
		5421A0D91CCD0E8800BD355A /* Debug */ = {
			isa = XCBuildConfiguration;
			buildSettings = {
				ALWAYS_SEARCH_USER_PATHS = NO;
				CLANG_ANALYZER_NONNULL = YES;
				CLANG_CXX_LANGUAGE_STANDARD = "gnu++0x";
				CLANG_CXX_LIBRARY = "libc++";
				CLANG_ENABLE_MODULES = YES;
				CLANG_ENABLE_OBJC_ARC = YES;
				CLANG_WARN_BOOL_CONVERSION = YES;
				CLANG_WARN_CONSTANT_CONVERSION = YES;
				CLANG_WARN_DIRECT_OBJC_ISA_USAGE = YES_ERROR;
				CLANG_WARN_EMPTY_BODY = YES;
				CLANG_WARN_ENUM_CONVERSION = YES;
				CLANG_WARN_INT_CONVERSION = YES;
				CLANG_WARN_OBJC_ROOT_CLASS = YES_ERROR;
				CLANG_WARN_UNREACHABLE_CODE = YES;
				CLANG_WARN__DUPLICATE_METHOD_MATCH = YES;
				"CODE_SIGN_IDENTITY[sdk=iphoneos*]" = "iPhone Developer";
				COPY_PHASE_STRIP = NO;
				DEBUG_INFORMATION_FORMAT = dwarf;
				ENABLE_STRICT_OBJC_MSGSEND = YES;
				ENABLE_TESTABILITY = YES;
				GCC_C_LANGUAGE_STANDARD = gnu99;
				GCC_DYNAMIC_NO_PIC = NO;
				GCC_NO_COMMON_BLOCKS = YES;
				GCC_OPTIMIZATION_LEVEL = 0;
				GCC_PREPROCESSOR_DEFINITIONS = (
					"DEBUG=1",
					"$(inherited)",
				);
				GCC_WARN_64_TO_32_BIT_CONVERSION = YES;
				GCC_WARN_ABOUT_RETURN_TYPE = YES_ERROR;
				GCC_WARN_UNDECLARED_SELECTOR = YES;
				GCC_WARN_UNINITIALIZED_AUTOS = YES_AGGRESSIVE;
				GCC_WARN_UNUSED_FUNCTION = YES;
				GCC_WARN_UNUSED_VARIABLE = YES;
				IPHONEOS_DEPLOYMENT_TARGET = 9.3;
				MTL_ENABLE_DEBUG_INFO = YES;
				ONLY_ACTIVE_ARCH = YES;
				SDKROOT = iphoneos;
				SWIFT_OPTIMIZATION_LEVEL = "-Onone";
			};
			name = Debug;
		};
		5421A0DA1CCD0E8800BD355A /* Release */ = {
			isa = XCBuildConfiguration;
			buildSettings = {
				ALWAYS_SEARCH_USER_PATHS = NO;
				CLANG_ANALYZER_NONNULL = YES;
				CLANG_CXX_LANGUAGE_STANDARD = "gnu++0x";
				CLANG_CXX_LIBRARY = "libc++";
				CLANG_ENABLE_MODULES = YES;
				CLANG_ENABLE_OBJC_ARC = YES;
				CLANG_WARN_BOOL_CONVERSION = YES;
				CLANG_WARN_CONSTANT_CONVERSION = YES;
				CLANG_WARN_DIRECT_OBJC_ISA_USAGE = YES_ERROR;
				CLANG_WARN_EMPTY_BODY = YES;
				CLANG_WARN_ENUM_CONVERSION = YES;
				CLANG_WARN_INT_CONVERSION = YES;
				CLANG_WARN_OBJC_ROOT_CLASS = YES_ERROR;
				CLANG_WARN_UNREACHABLE_CODE = YES;
				CLANG_WARN__DUPLICATE_METHOD_MATCH = YES;
				"CODE_SIGN_IDENTITY[sdk=iphoneos*]" = "iPhone Developer";
				COPY_PHASE_STRIP = NO;
				DEBUG_INFORMATION_FORMAT = "dwarf-with-dsym";
				ENABLE_NS_ASSERTIONS = NO;
				ENABLE_STRICT_OBJC_MSGSEND = YES;
				GCC_C_LANGUAGE_STANDARD = gnu99;
				GCC_NO_COMMON_BLOCKS = YES;
				GCC_WARN_64_TO_32_BIT_CONVERSION = YES;
				GCC_WARN_ABOUT_RETURN_TYPE = YES_ERROR;
				GCC_WARN_UNDECLARED_SELECTOR = YES;
				GCC_WARN_UNINITIALIZED_AUTOS = YES_AGGRESSIVE;
				GCC_WARN_UNUSED_FUNCTION = YES;
				GCC_WARN_UNUSED_VARIABLE = YES;
				IPHONEOS_DEPLOYMENT_TARGET = 9.3;
				MTL_ENABLE_DEBUG_INFO = NO;
				SDKROOT = iphoneos;
				VALIDATE_PRODUCT = YES;
			};
			name = Release;
		};
		5421A0DC1CCD0E8800BD355A /* Debug */ = {
			isa = XCBuildConfiguration;
			buildSettings = {
				ASSETCATALOG_COMPILER_APPICON_NAME = AppIcon;
				INFOPLIST_FILE = listview/Info.plist;
				LD_RUNPATH_SEARCH_PATHS = "$(inherited) @executable_path/Frameworks";
				PRODUCT_BUNDLE_IDENTIFIER = com.kat.listview;
				PRODUCT_NAME = "$(TARGET_NAME)";
			};
			name = Debug;
		};
		5421A0DD1CCD0E8800BD355A /* Release */ = {
			isa = XCBuildConfiguration;
			buildSettings = {
				ASSETCATALOG_COMPILER_APPICON_NAME = AppIcon;
				INFOPLIST_FILE = listview/Info.plist;
				LD_RUNPATH_SEARCH_PATHS = "$(inherited) @executable_path/Frameworks";
				PRODUCT_BUNDLE_IDENTIFIER = com.kat.listview;
				PRODUCT_NAME = "$(TARGET_NAME)";
			};
			name = Release;
		};
/* End XCBuildConfiguration section */

/* Begin XCConfigurationList section */
		5421A0C41CCD0E8700BD355A /* Build configuration list for PBXProject "listview" */ = {
			isa = XCConfigurationList;
			buildConfigurations = (
				5421A0D91CCD0E8800BD355A /* Debug */,
				5421A0DA1CCD0E8800BD355A /* Release */,
			);
			defaultConfigurationIsVisible = 0;
			defaultConfigurationName = Release;
		};
		5421A0DB1CCD0E8800BD355A /* Build configuration list for PBXNativeTarget "listview" */ = {
			isa = XCConfigurationList;
			buildConfigurations = (
				5421A0DC1CCD0E8800BD355A /* Debug */,
				5421A0DD1CCD0E8800BD355A /* Release */,
			);
			defaultConfigurationIsVisible = 0;
		};
/* End XCConfigurationList section */
	};
	rootObject = 5421A0C11CCD0E8700BD355A /* Project object */;
}
