// !$*UTF8*$!
{
	archiveVersion = 1;
	classes = {
	};
	objectVersion = 46;
	objects = {

/* Begin PBXBuildFile section */
		549F0BEA1CC417D800220FAE /* AppDelegate.swift in Sources */ = {isa = PBXBuildFile; fileRef = 549F0BE91CC417D800220FAE /* AppDelegate.swift */; };
		549F0BEC1CC417D800220FAE /* ViewController.swift in Sources */ = {isa = PBXBuildFile; fileRef = 549F0BEB1CC417D800220FAE /* ViewController.swift */; };
		549F0BEF1CC417D800220FAE /* Main.storyboard in Resources */ = {isa = PBXBuildFile; fileRef = 549F0BED1CC417D800220FAE /* Main.storyboard */; };
		549F0BF11CC417D800220FAE /* Assets.xcassets in Resources */ = {isa = PBXBuildFile; fileRef = 549F0BF01CC417D800220FAE /* Assets.xcassets */; };
		549F0BF41CC417D800220FAE /* LaunchScreen.storyboard in Resources */ = {isa = PBXBuildFile; fileRef = 549F0BF21CC417D800220FAE /* LaunchScreen.storyboard */; };
/* End PBXBuildFile section */

/* Begin PBXFileReference section */
		549F0BE61CC417D800220FAE /* pet-rescue.app */ = {isa = PBXFileReference; explicitFileType = wrapper.application; includeInIndex = 0; path = "pet-rescue.app"; sourceTree = BUILT_PRODUCTS_DIR; };
		549F0BE91CC417D800220FAE /* AppDelegate.swift */ = {isa = PBXFileReference; lastKnownFileType = sourcecode.swift; path = AppDelegate.swift; sourceTree = "<group>"; };
		549F0BEB1CC417D800220FAE /* ViewController.swift */ = {isa = PBXFileReference; lastKnownFileType = sourcecode.swift; path = ViewController.swift; sourceTree = "<group>"; };
		549F0BEE1CC417D800220FAE /* Base */ = {isa = PBXFileReference; lastKnownFileType = file.storyboard; name = Base; path = Base.lproj/Main.storyboard; sourceTree = "<group>"; };
		549F0BF01CC417D800220FAE /* Assets.xcassets */ = {isa = PBXFileReference; lastKnownFileType = folder.assetcatalog; path = Assets.xcassets; sourceTree = "<group>"; };
		549F0BF31CC417D800220FAE /* Base */ = {isa = PBXFileReference; lastKnownFileType = file.storyboard; name = Base; path = Base.lproj/LaunchScreen.storyboard; sourceTree = "<group>"; };
		549F0BF51CC417D800220FAE /* Info.plist */ = {isa = PBXFileReference; lastKnownFileType = text.plist.xml; path = Info.plist; sourceTree = "<group>"; };
/* End PBXFileReference section */

/* Begin PBXFrameworksBuildPhase section */
		549F0BE31CC417D800220FAE /* Frameworks */ = {
			isa = PBXFrameworksBuildPhase;
			buildActionMask = 2147483647;
			files = (
			);
			runOnlyForDeploymentPostprocessing = 0;
		};
/* End PBXFrameworksBuildPhase section */

/* Begin PBXGroup section */
		549F0BDD1CC417D800220FAE = {
			isa = PBXGroup;
			children = (
				549F0BE81CC417D800220FAE /* pet-rescue */,
				549F0BE71CC417D800220FAE /* Products */,
			);
			sourceTree = "<group>";
		};
		549F0BE71CC417D800220FAE /* Products */ = {
			isa = PBXGroup;
			children = (
				549F0BE61CC417D800220FAE /* pet-rescue.app */,
			);
			name = Products;
			sourceTree = "<group>";
		};
		549F0BE81CC417D800220FAE /* pet-rescue */ = {
			isa = PBXGroup;
			children = (
				549F0BE91CC417D800220FAE /* AppDelegate.swift */,
				549F0BEB1CC417D800220FAE /* ViewController.swift */,
				549F0BED1CC417D800220FAE /* Main.storyboard */,
				549F0BF01CC417D800220FAE /* Assets.xcassets */,
				549F0BF21CC417D800220FAE /* LaunchScreen.storyboard */,
				549F0BF51CC417D800220FAE /* Info.plist */,
			);
			path = "pet-rescue";
			sourceTree = "<group>";
		};
/* End PBXGroup section */

/* Begin PBXNativeTarget section */
		549F0BE51CC417D800220FAE /* pet-rescue */ = {
			isa = PBXNativeTarget;
			buildConfigurationList = 549F0BF81CC417D800220FAE /* Build configuration list for PBXNativeTarget "pet-rescue" */;
			buildPhases = (
				549F0BE21CC417D800220FAE /* Sources */,
				549F0BE31CC417D800220FAE /* Frameworks */,
				549F0BE41CC417D800220FAE /* Resources */,
			);
			buildRules = (
			);
			dependencies = (
			);
			name = "pet-rescue";
			productName = "pet-rescue";
			productReference = 549F0BE61CC417D800220FAE /* pet-rescue.app */;
			productType = "com.apple.product-type.application";
		};
/* End PBXNativeTarget section */

/* Begin PBXProject section */
		549F0BDE1CC417D800220FAE /* Project object */ = {
			isa = PBXProject;
			attributes = {
				LastSwiftUpdateCheck = 0730;
				LastUpgradeCheck = 0730;
				ORGANIZATIONNAME = "kat-co";
				TargetAttributes = {
					549F0BE51CC417D800220FAE = {
						CreatedOnToolsVersion = 7.3;
					};
				};
			};
			buildConfigurationList = 549F0BE11CC417D800220FAE /* Build configuration list for PBXProject "pet-rescue" */;
			compatibilityVersion = "Xcode 3.2";
			developmentRegion = English;
			hasScannedForEncodings = 0;
			knownRegions = (
				en,
				Base,
			);
			mainGroup = 549F0BDD1CC417D800220FAE;
			productRefGroup = 549F0BE71CC417D800220FAE /* Products */;
			projectDirPath = "";
			projectRoot = "";
			targets = (
				549F0BE51CC417D800220FAE /* pet-rescue */,
			);
		};
/* End PBXProject section */

/* Begin PBXResourcesBuildPhase section */
		549F0BE41CC417D800220FAE /* Resources */ = {
			isa = PBXResourcesBuildPhase;
			buildActionMask = 2147483647;
			files = (
				549F0BF41CC417D800220FAE /* LaunchScreen.storyboard in Resources */,
				549F0BF11CC417D800220FAE /* Assets.xcassets in Resources */,
				549F0BEF1CC417D800220FAE /* Main.storyboard in Resources */,
			);
			runOnlyForDeploymentPostprocessing = 0;
		};
/* End PBXResourcesBuildPhase section */

/* Begin PBXSourcesBuildPhase section */
		549F0BE21CC417D800220FAE /* Sources */ = {
			isa = PBXSourcesBuildPhase;
			buildActionMask = 2147483647;
			files = (
				549F0BEC1CC417D800220FAE /* ViewController.swift in Sources */,
				549F0BEA1CC417D800220FAE /* AppDelegate.swift in Sources */,
			);
			runOnlyForDeploymentPostprocessing = 0;
		};
/* End PBXSourcesBuildPhase section */

/* Begin PBXVariantGroup section */
		549F0BED1CC417D800220FAE /* Main.storyboard */ = {
			isa = PBXVariantGroup;
			children = (
				549F0BEE1CC417D800220FAE /* Base */,
			);
			name = Main.storyboard;
			sourceTree = "<group>";
		};
		549F0BF21CC417D800220FAE /* LaunchScreen.storyboard */ = {
			isa = PBXVariantGroup;
			children = (
				549F0BF31CC417D800220FAE /* Base */,
			);
			name = LaunchScreen.storyboard;
			sourceTree = "<group>";
		};
/* End PBXVariantGroup section */

/* Begin XCBuildConfiguration section */
		549F0BF61CC417D800220FAE /* Debug */ = {
			isa = XCBuildConfiguration;
			buildSettings = {
				ALWAYS_SEARCH_USER_PATHS = NO;
				CLANG_ANALYZER_NONNULL = YES;
				CLANG_CXX_LANGUAGE_STANDARD = "gnu++0x";
				CLANG_CXX_LIBRARY = "libc++";
				CLANG_ENABLE_MODULES = YES;
				CLANG_ENABLE_OBJC_ARC = YES;
				CLANG_WARN_BOOL_CONVERSION = YES;
				CLANG_WARN_CONSTANT_CONVERSION = YES;
				CLANG_WARN_DIRECT_OBJC_ISA_USAGE = YES_ERROR;
				CLANG_WARN_EMPTY_BODY = YES;
				CLANG_WARN_ENUM_CONVERSION = YES;
				CLANG_WARN_INT_CONVERSION = YES;
				CLANG_WARN_OBJC_ROOT_CLASS = YES_ERROR;
				CLANG_WARN_UNREACHABLE_CODE = YES;
				CLANG_WARN__DUPLICATE_METHOD_MATCH = YES;
				"CODE_SIGN_IDENTITY[sdk=iphoneos*]" = "iPhone Developer";
				COPY_PHASE_STRIP = NO;
				DEBUG_INFORMATION_FORMAT = dwarf;
				ENABLE_STRICT_OBJC_MSGSEND = YES;
				ENABLE_TESTABILITY = YES;
				GCC_C_LANGUAGE_STANDARD = gnu99;
				GCC_DYNAMIC_NO_PIC = NO;
				GCC_NO_COMMON_BLOCKS = YES;
				GCC_OPTIMIZATION_LEVEL = 0;
				GCC_PREPROCESSOR_DEFINITIONS = (
					"DEBUG=1",
					"$(inherited)",
				);
				GCC_WARN_64_TO_32_BIT_CONVERSION = YES;
				GCC_WARN_ABOUT_RETURN_TYPE = YES_ERROR;
				GCC_WARN_UNDECLARED_SELECTOR = YES;
				GCC_WARN_UNINITIALIZED_AUTOS = YES_AGGRESSIVE;
				GCC_WARN_UNUSED_FUNCTION = YES;
				GCC_WARN_UNUSED_VARIABLE = YES;
				IPHONEOS_DEPLOYMENT_TARGET = 9.3;
				MTL_ENABLE_DEBUG_INFO = YES;
				ONLY_ACTIVE_ARCH = YES;
				SDKROOT = iphoneos;
				SWIFT_OPTIMIZATION_LEVEL = "-Onone";
			};
			name = Debug;
		};
		549F0BF71CC417D800220FAE /* Release */ = {
			isa = XCBuildConfiguration;
			buildSettings = {
				ALWAYS_SEARCH_USER_PATHS = NO;
				CLANG_ANALYZER_NONNULL = YES;
				CLANG_CXX_LANGUAGE_STANDARD = "gnu++0x";
				CLANG_CXX_LIBRARY = "libc++";
				CLANG_ENABLE_MODULES = YES;
				CLANG_ENABLE_OBJC_ARC = YES;
				CLANG_WARN_BOOL_CONVERSION = YES;
				CLANG_WARN_CONSTANT_CONVERSION = YES;
				CLANG_WARN_DIRECT_OBJC_ISA_USAGE = YES_ERROR;
				CLANG_WARN_EMPTY_BODY = YES;
				CLANG_WARN_ENUM_CONVERSION = YES;
				CLANG_WARN_INT_CONVERSION = YES;
				CLANG_WARN_OBJC_ROOT_CLASS = YES_ERROR;
				CLANG_WARN_UNREACHABLE_CODE = YES;
				CLANG_WARN__DUPLICATE_METHOD_MATCH = YES;
				"CODE_SIGN_IDENTITY[sdk=iphoneos*]" = "iPhone Developer";
				COPY_PHASE_STRIP = NO;
				DEBUG_INFORMATION_FORMAT = "dwarf-with-dsym";
				ENABLE_NS_ASSERTIONS = NO;
				ENABLE_STRICT_OBJC_MSGSEND = YES;
				GCC_C_LANGUAGE_STANDARD = gnu99;
				GCC_NO_COMMON_BLOCKS = YES;
				GCC_WARN_64_TO_32_BIT_CONVERSION = YES;
				GCC_WARN_ABOUT_RETURN_TYPE = YES_ERROR;
				GCC_WARN_UNDECLARED_SELECTOR = YES;
				GCC_WARN_UNINITIALIZED_AUTOS = YES_AGGRESSIVE;
				GCC_WARN_UNUSED_FUNCTION = YES;
				GCC_WARN_UNUSED_VARIABLE = YES;
				IPHONEOS_DEPLOYMENT_TARGET = 9.3;
				MTL_ENABLE_DEBUG_INFO = NO;
				SDKROOT = iphoneos;
				VALIDATE_PRODUCT = YES;
			};
			name = Release;
		};
		549F0BF91CC417D800220FAE /* Debug */ = {
			isa = XCBuildConfiguration;
			buildSettings = {
				ASSETCATALOG_COMPILER_APPICON_NAME = AppIcon;
				INFOPLIST_FILE = "pet-rescue/Info.plist";
				LD_RUNPATH_SEARCH_PATHS = "$(inherited) @executable_path/Frameworks";
				PRODUCT_BUNDLE_IDENTIFIER = "com.kat.pet-rescue";
				PRODUCT_NAME = "$(TARGET_NAME)";
			};
			name = Debug;
		};
		549F0BFA1CC417D800220FAE /* Release */ = {
			isa = XCBuildConfiguration;
			buildSettings = {
				ASSETCATALOG_COMPILER_APPICON_NAME = AppIcon;
				INFOPLIST_FILE = "pet-rescue/Info.plist";
				LD_RUNPATH_SEARCH_PATHS = "$(inherited) @executable_path/Frameworks";
				PRODUCT_BUNDLE_IDENTIFIER = "com.kat.pet-rescue";
				PRODUCT_NAME = "$(TARGET_NAME)";
			};
			name = Release;
		};
/* End XCBuildConfiguration section */

/* Begin XCConfigurationList section */
		549F0BE11CC417D800220FAE /* Build configuration list for PBXProject "pet-rescue" */ = {
			isa = XCConfigurationList;
			buildConfigurations = (
				549F0BF61CC417D800220FAE /* Debug */,
				549F0BF71CC417D800220FAE /* Release */,
			);
			defaultConfigurationIsVisible = 0;
			defaultConfigurationName = Release;
		};
		549F0BF81CC417D800220FAE /* Build configuration list for PBXNativeTarget "pet-rescue" */ = {
			isa = XCConfigurationList;
			buildConfigurations = (
				549F0BF91CC417D800220FAE /* Debug */,
				549F0BFA1CC417D800220FAE /* Release */,
			);
			defaultConfigurationIsVisible = 0;
		};
/* End XCConfigurationList section */
	};
	rootObject = 549F0BDE1CC417D800220FAE /* Project object */;
}
