// !$*UTF8*$!
{
	archiveVersion = 1;
	classes = {
	};
	objectVersion = 46;
	objects = {

/* Begin PBXBuildFile section */
		24517584A3BE01C217DB35DA /* Pods_movies_api.framework in Frameworks */ = {isa = PBXBuildFile; fileRef = 04E2DE4E1FBEB7F79D50D047 /* Pods_movies_api.framework */; };
		54905B511CE8D540009CCE57 /* AppDelegate.swift in Sources */ = {isa = PBXBuildFile; fileRef = 54905B501CE8D540009CCE57 /* AppDelegate.swift */; };
		54905B531CE8D540009CCE57 /* ViewController.swift in Sources */ = {isa = PBXBuildFile; fileRef = 54905B521CE8D540009CCE57 /* ViewController.swift */; };
		54905B561CE8D540009CCE57 /* Main.storyboard in Resources */ = {isa = PBXBuildFile; fileRef = 54905B541CE8D540009CCE57 /* Main.storyboard */; };
		54905B581CE8D540009CCE57 /* Assets.xcassets in Resources */ = {isa = PBXBuildFile; fileRef = 54905B571CE8D540009CCE57 /* Assets.xcassets */; };
		54905B5B1CE8D540009CCE57 /* LaunchScreen.storyboard in Resources */ = {isa = PBXBuildFile; fileRef = 54905B591CE8D540009CCE57 /* LaunchScreen.storyboard */; };
		54905B661CE8DFF4009CCE57 /* Movie.swift in Sources */ = {isa = PBXBuildFile; fileRef = 54905B651CE8DFF4009CCE57 /* Movie.swift */; };
/* End PBXBuildFile section */

/* Begin PBXFileReference section */
		04E2DE4E1FBEB7F79D50D047 /* Pods_movies_api.framework */ = {isa = PBXFileReference; explicitFileType = wrapper.framework; includeInIndex = 0; path = Pods_movies_api.framework; sourceTree = BUILT_PRODUCTS_DIR; };
		3FF726B09C339C6400F6A788 /* Pods-movies-api.debug.xcconfig */ = {isa = PBXFileReference; includeInIndex = 1; lastKnownFileType = text.xcconfig; name = "Pods-movies-api.debug.xcconfig"; path = "Pods/Target Support Files/Pods-movies-api/Pods-movies-api.debug.xcconfig"; sourceTree = "<group>"; };
		54905B4D1CE8D540009CCE57 /* movies-api.app */ = {isa = PBXFileReference; explicitFileType = wrapper.application; includeInIndex = 0; path = "movies-api.app"; sourceTree = BUILT_PRODUCTS_DIR; };
		54905B501CE8D540009CCE57 /* AppDelegate.swift */ = {isa = PBXFileReference; lastKnownFileType = sourcecode.swift; path = AppDelegate.swift; sourceTree = "<group>"; };
		54905B521CE8D540009CCE57 /* ViewController.swift */ = {isa = PBXFileReference; lastKnownFileType = sourcecode.swift; path = ViewController.swift; sourceTree = "<group>"; };
		54905B551CE8D540009CCE57 /* Base */ = {isa = PBXFileReference; lastKnownFileType = file.storyboard; name = Base; path = Base.lproj/Main.storyboard; sourceTree = "<group>"; };
		54905B571CE8D540009CCE57 /* Assets.xcassets */ = {isa = PBXFileReference; lastKnownFileType = folder.assetcatalog; path = Assets.xcassets; sourceTree = "<group>"; };
		54905B5A1CE8D540009CCE57 /* Base */ = {isa = PBXFileReference; lastKnownFileType = file.storyboard; name = Base; path = Base.lproj/LaunchScreen.storyboard; sourceTree = "<group>"; };
		54905B5C1CE8D540009CCE57 /* Info.plist */ = {isa = PBXFileReference; lastKnownFileType = text.plist.xml; path = Info.plist; sourceTree = "<group>"; };
		54905B651CE8DFF4009CCE57 /* Movie.swift */ = {isa = PBXFileReference; fileEncoding = 4; lastKnownFileType = sourcecode.swift; name = Movie.swift; path = "../../../../../../Katrina/Documents/iOS-practice/movies-api/movies-api/models/Movie.swift"; sourceTree = "<group>"; };
		9258783B9542DC2569F43194 /* Pods-movies-api.release.xcconfig */ = {isa = PBXFileReference; includeInIndex = 1; lastKnownFileType = text.xcconfig; name = "Pods-movies-api.release.xcconfig"; path = "Pods/Target Support Files/Pods-movies-api/Pods-movies-api.release.xcconfig"; sourceTree = "<group>"; };
/* End PBXFileReference section */

/* Begin PBXFrameworksBuildPhase section */
		54905B4A1CE8D540009CCE57 /* Frameworks */ = {
			isa = PBXFrameworksBuildPhase;
			buildActionMask = 2147483647;
			files = (
				24517584A3BE01C217DB35DA /* Pods_movies_api.framework in Frameworks */,
			);
			runOnlyForDeploymentPostprocessing = 0;
		};
/* End PBXFrameworksBuildPhase section */

/* Begin PBXGroup section */
		3828F3541AB95D7D908FE35B /* Frameworks */ = {
			isa = PBXGroup;
			children = (
				04E2DE4E1FBEB7F79D50D047 /* Pods_movies_api.framework */,
			);
			name = Frameworks;
			sourceTree = "<group>";
		};
		54905B441CE8D540009CCE57 = {
			isa = PBXGroup;
			children = (
				54905B4F1CE8D540009CCE57 /* movies-api */,
				54905B4E1CE8D540009CCE57 /* Products */,
				DF97476D7652857EEEE9C775 /* Pods */,
				3828F3541AB95D7D908FE35B /* Frameworks */,
			);
			sourceTree = "<group>";
		};
		54905B4E1CE8D540009CCE57 /* Products */ = {
			isa = PBXGroup;
			children = (
				54905B4D1CE8D540009CCE57 /* movies-api.app */,
			);
			name = Products;
			sourceTree = "<group>";
		};
		54905B4F1CE8D540009CCE57 /* movies-api */ = {
			isa = PBXGroup;
			children = (
				54905B641CE8DFE8009CCE57 /* models */,
				54905B501CE8D540009CCE57 /* AppDelegate.swift */,
				54905B521CE8D540009CCE57 /* ViewController.swift */,
				54905B541CE8D540009CCE57 /* Main.storyboard */,
				54905B571CE8D540009CCE57 /* Assets.xcassets */,
				54905B591CE8D540009CCE57 /* LaunchScreen.storyboard */,
				54905B5C1CE8D540009CCE57 /* Info.plist */,
			);
			path = "movies-api";
			sourceTree = "<group>";
		};
		54905B641CE8DFE8009CCE57 /* models */ = {
			isa = PBXGroup;
			children = (
				54905B651CE8DFF4009CCE57 /* Movie.swift */,
			);
			path = models;
			sourceTree = "<group>";
		};
		DF97476D7652857EEEE9C775 /* Pods */ = {
			isa = PBXGroup;
			children = (
				3FF726B09C339C6400F6A788 /* Pods-movies-api.debug.xcconfig */,
				9258783B9542DC2569F43194 /* Pods-movies-api.release.xcconfig */,
			);
			name = Pods;
			sourceTree = "<group>";
		};
/* End PBXGroup section */

/* Begin PBXNativeTarget section */
		54905B4C1CE8D540009CCE57 /* movies-api */ = {
			isa = PBXNativeTarget;
			buildConfigurationList = 54905B5F1CE8D540009CCE57 /* Build configuration list for PBXNativeTarget "movies-api" */;
			buildPhases = (
				D39BE8BA7714F0A61C3A021F /* 📦 Check Pods Manifest.lock */,
				54905B491CE8D540009CCE57 /* Sources */,
				54905B4A1CE8D540009CCE57 /* Frameworks */,
				54905B4B1CE8D540009CCE57 /* Resources */,
				426C83E12DD74DD89AF2830C /* 📦 Embed Pods Frameworks */,
				370C16FDB3F099BEFD17C6B1 /* 📦 Copy Pods Resources */,
			);
			buildRules = (
			);
			dependencies = (
			);
			name = "movies-api";
			productName = "movies-api";
			productReference = 54905B4D1CE8D540009CCE57 /* movies-api.app */;
			productType = "com.apple.product-type.application";
		};
/* End PBXNativeTarget section */

/* Begin PBXProject section */
		54905B451CE8D540009CCE57 /* Project object */ = {
			isa = PBXProject;
			attributes = {
				LastSwiftUpdateCheck = 0730;
				LastUpgradeCheck = 0730;
				ORGANIZATIONNAME = "kat-co";
				TargetAttributes = {
					54905B4C1CE8D540009CCE57 = {
						CreatedOnToolsVersion = 7.3.1;
						DevelopmentTeam = QDUUW7F987;
					};
				};
			};
			buildConfigurationList = 54905B481CE8D540009CCE57 /* Build configuration list for PBXProject "movies-api" */;
			compatibilityVersion = "Xcode 3.2";
			developmentRegion = English;
			hasScannedForEncodings = 0;
			knownRegions = (
				en,
				Base,
			);
			mainGroup = 54905B441CE8D540009CCE57;
			productRefGroup = 54905B4E1CE8D540009CCE57 /* Products */;
			projectDirPath = "";
			projectRoot = "";
			targets = (
				54905B4C1CE8D540009CCE57 /* movies-api */,
			);
		};
/* End PBXProject section */

/* Begin PBXResourcesBuildPhase section */
		54905B4B1CE8D540009CCE57 /* Resources */ = {
			isa = PBXResourcesBuildPhase;
			buildActionMask = 2147483647;
			files = (
				54905B5B1CE8D540009CCE57 /* LaunchScreen.storyboard in Resources */,
				54905B581CE8D540009CCE57 /* Assets.xcassets in Resources */,
				54905B561CE8D540009CCE57 /* Main.storyboard in Resources */,
			);
			runOnlyForDeploymentPostprocessing = 0;
		};
/* End PBXResourcesBuildPhase section */

/* Begin PBXShellScriptBuildPhase section */
		370C16FDB3F099BEFD17C6B1 /* 📦 Copy Pods Resources */ = {
			isa = PBXShellScriptBuildPhase;
			buildActionMask = 2147483647;
			files = (
			);
			inputPaths = (
			);
			name = "📦 Copy Pods Resources";
			outputPaths = (
			);
			runOnlyForDeploymentPostprocessing = 0;
			shellPath = /bin/sh;
			shellScript = "\"${SRCROOT}/Pods/Target Support Files/Pods-movies-api/Pods-movies-api-resources.sh\"\n";
			showEnvVarsInLog = 0;
		};
		426C83E12DD74DD89AF2830C /* 📦 Embed Pods Frameworks */ = {
			isa = PBXShellScriptBuildPhase;
			buildActionMask = 2147483647;
			files = (
			);
			inputPaths = (
			);
			name = "📦 Embed Pods Frameworks";
			outputPaths = (
			);
			runOnlyForDeploymentPostprocessing = 0;
			shellPath = /bin/sh;
			shellScript = "\"${SRCROOT}/Pods/Target Support Files/Pods-movies-api/Pods-movies-api-frameworks.sh\"\n";
			showEnvVarsInLog = 0;
		};
		D39BE8BA7714F0A61C3A021F /* 📦 Check Pods Manifest.lock */ = {
			isa = PBXShellScriptBuildPhase;
			buildActionMask = 2147483647;
			files = (
			);
			inputPaths = (
			);
			name = "📦 Check Pods Manifest.lock";
			outputPaths = (
			);
			runOnlyForDeploymentPostprocessing = 0;
			shellPath = /bin/sh;
			shellScript = "diff \"${PODS_ROOT}/../Podfile.lock\" \"${PODS_ROOT}/Manifest.lock\" > /dev/null\nif [[ $? != 0 ]] ; then\n    cat << EOM\nerror: The sandbox is not in sync with the Podfile.lock. Run 'pod install' or update your CocoaPods installation.\nEOM\n    exit 1\nfi\n";
			showEnvVarsInLog = 0;
		};
/* End PBXShellScriptBuildPhase section */

/* Begin PBXSourcesBuildPhase section */
		54905B491CE8D540009CCE57 /* Sources */ = {
			isa = PBXSourcesBuildPhase;
			buildActionMask = 2147483647;
			files = (
				54905B531CE8D540009CCE57 /* ViewController.swift in Sources */,
				54905B511CE8D540009CCE57 /* AppDelegate.swift in Sources */,
				54905B661CE8DFF4009CCE57 /* Movie.swift in Sources */,
			);
			runOnlyForDeploymentPostprocessing = 0;
		};
/* End PBXSourcesBuildPhase section */

/* Begin PBXVariantGroup section */
		54905B541CE8D540009CCE57 /* Main.storyboard */ = {
			isa = PBXVariantGroup;
			children = (
				54905B551CE8D540009CCE57 /* Base */,
			);
			name = Main.storyboard;
			sourceTree = "<group>";
		};
		54905B591CE8D540009CCE57 /* LaunchScreen.storyboard */ = {
			isa = PBXVariantGroup;
			children = (
				54905B5A1CE8D540009CCE57 /* Base */,
			);
			name = LaunchScreen.storyboard;
			sourceTree = "<group>";
		};
/* End PBXVariantGroup section */

/* Begin XCBuildConfiguration section */
		54905B5D1CE8D540009CCE57 /* Debug */ = {
			isa = XCBuildConfiguration;
			buildSettings = {
				ALWAYS_SEARCH_USER_PATHS = NO;
				CLANG_ANALYZER_NONNULL = YES;
				CLANG_CXX_LANGUAGE_STANDARD = "gnu++0x";
				CLANG_CXX_LIBRARY = "libc++";
				CLANG_ENABLE_MODULES = YES;
				CLANG_ENABLE_OBJC_ARC = YES;
				CLANG_WARN_BOOL_CONVERSION = YES;
				CLANG_WARN_CONSTANT_CONVERSION = YES;
				CLANG_WARN_DIRECT_OBJC_ISA_USAGE = YES_ERROR;
				CLANG_WARN_EMPTY_BODY = YES;
				CLANG_WARN_ENUM_CONVERSION = YES;
				CLANG_WARN_INT_CONVERSION = YES;
				CLANG_WARN_OBJC_ROOT_CLASS = YES_ERROR;
				CLANG_WARN_UNREACHABLE_CODE = YES;
				CLANG_WARN__DUPLICATE_METHOD_MATCH = YES;
				"CODE_SIGN_IDENTITY[sdk=iphoneos*]" = "iPhone Developer";
				COPY_PHASE_STRIP = NO;
				DEBUG_INFORMATION_FORMAT = dwarf;
				ENABLE_STRICT_OBJC_MSGSEND = YES;
				ENABLE_TESTABILITY = YES;
				GCC_C_LANGUAGE_STANDARD = gnu99;
				GCC_DYNAMIC_NO_PIC = NO;
				GCC_NO_COMMON_BLOCKS = YES;
				GCC_OPTIMIZATION_LEVEL = 0;
				GCC_PREPROCESSOR_DEFINITIONS = (
					"DEBUG=1",
					"$(inherited)",
				);
				GCC_WARN_64_TO_32_BIT_CONVERSION = YES;
				GCC_WARN_ABOUT_RETURN_TYPE = YES_ERROR;
				GCC_WARN_UNDECLARED_SELECTOR = YES;
				GCC_WARN_UNINITIALIZED_AUTOS = YES_AGGRESSIVE;
				GCC_WARN_UNUSED_FUNCTION = YES;
				GCC_WARN_UNUSED_VARIABLE = YES;
				IPHONEOS_DEPLOYMENT_TARGET = 9.3;
				MTL_ENABLE_DEBUG_INFO = YES;
				ONLY_ACTIVE_ARCH = YES;
				SDKROOT = iphoneos;
				SWIFT_OPTIMIZATION_LEVEL = "-Onone";
			};
			name = Debug;
		};
		54905B5E1CE8D540009CCE57 /* Release */ = {
			isa = XCBuildConfiguration;
			buildSettings = {
				ALWAYS_SEARCH_USER_PATHS = NO;
				CLANG_ANALYZER_NONNULL = YES;
				CLANG_CXX_LANGUAGE_STANDARD = "gnu++0x";
				CLANG_CXX_LIBRARY = "libc++";
				CLANG_ENABLE_MODULES = YES;
				CLANG_ENABLE_OBJC_ARC = YES;
				CLANG_WARN_BOOL_CONVERSION = YES;
				CLANG_WARN_CONSTANT_CONVERSION = YES;
				CLANG_WARN_DIRECT_OBJC_ISA_USAGE = YES_ERROR;
				CLANG_WARN_EMPTY_BODY = YES;
				CLANG_WARN_ENUM_CONVERSION = YES;
				CLANG_WARN_INT_CONVERSION = YES;
				CLANG_WARN_OBJC_ROOT_CLASS = YES_ERROR;
				CLANG_WARN_UNREACHABLE_CODE = YES;
				CLANG_WARN__DUPLICATE_METHOD_MATCH = YES;
				"CODE_SIGN_IDENTITY[sdk=iphoneos*]" = "iPhone Developer";
				COPY_PHASE_STRIP = NO;
				DEBUG_INFORMATION_FORMAT = "dwarf-with-dsym";
				ENABLE_NS_ASSERTIONS = NO;
				ENABLE_STRICT_OBJC_MSGSEND = YES;
				GCC_C_LANGUAGE_STANDARD = gnu99;
				GCC_NO_COMMON_BLOCKS = YES;
				GCC_WARN_64_TO_32_BIT_CONVERSION = YES;
				GCC_WARN_ABOUT_RETURN_TYPE = YES_ERROR;
				GCC_WARN_UNDECLARED_SELECTOR = YES;
				GCC_WARN_UNINITIALIZED_AUTOS = YES_AGGRESSIVE;
				GCC_WARN_UNUSED_FUNCTION = YES;
				GCC_WARN_UNUSED_VARIABLE = YES;
				IPHONEOS_DEPLOYMENT_TARGET = 9.3;
				MTL_ENABLE_DEBUG_INFO = NO;
				SDKROOT = iphoneos;
				VALIDATE_PRODUCT = YES;
			};
			name = Release;
		};
		54905B601CE8D540009CCE57 /* Debug */ = {
			isa = XCBuildConfiguration;
			baseConfigurationReference = 3FF726B09C339C6400F6A788 /* Pods-movies-api.debug.xcconfig */;
			buildSettings = {
				ASSETCATALOG_COMPILER_APPICON_NAME = AppIcon;
				INFOPLIST_FILE = "movies-api/Info.plist";
				LD_RUNPATH_SEARCH_PATHS = "$(inherited) @executable_path/Frameworks";
				PRODUCT_BUNDLE_IDENTIFIER = "com.kat.movies-api";
				PRODUCT_NAME = "$(TARGET_NAME)";
			};
			name = Debug;
		};
		54905B611CE8D540009CCE57 /* Release */ = {
			isa = XCBuildConfiguration;
			baseConfigurationReference = 9258783B9542DC2569F43194 /* Pods-movies-api.release.xcconfig */;
			buildSettings = {
				ASSETCATALOG_COMPILER_APPICON_NAME = AppIcon;
				INFOPLIST_FILE = "movies-api/Info.plist";
				LD_RUNPATH_SEARCH_PATHS = "$(inherited) @executable_path/Frameworks";
				PRODUCT_BUNDLE_IDENTIFIER = "com.kat.movies-api";
				PRODUCT_NAME = "$(TARGET_NAME)";
			};
			name = Release;
		};
/* End XCBuildConfiguration section */

/* Begin XCConfigurationList section */
		54905B481CE8D540009CCE57 /* Build configuration list for PBXProject "movies-api" */ = {
			isa = XCConfigurationList;
			buildConfigurations = (
				54905B5D1CE8D540009CCE57 /* Debug */,
				54905B5E1CE8D540009CCE57 /* Release */,
			);
			defaultConfigurationIsVisible = 0;
			defaultConfigurationName = Release;
		};
		54905B5F1CE8D540009CCE57 /* Build configuration list for PBXNativeTarget "movies-api" */ = {
			isa = XCConfigurationList;
			buildConfigurations = (
				54905B601CE8D540009CCE57 /* Debug */,
				54905B611CE8D540009CCE57 /* Release */,
			);
			defaultConfigurationIsVisible = 0;
			defaultConfigurationName = Release;
		};
/* End XCConfigurationList section */
	};
	rootObject = 54905B451CE8D540009CCE57 /* Project object */;
}
