// !$*UTF8*$!
{
	archiveVersion = 1;
	classes = {
	};
	objectVersion = 46;
	objects = {

/* Begin PBXBuildFile section */
		5403FFC21CC70A9D00183B36 /* SecondViewController.swift in Sources */ = {isa = PBXBuildFile; fileRef = 5403FFC11CC70A9D00183B36 /* SecondViewController.swift */; };
		549F0C2F1CC42A0400220FAE /* AppDelegate.swift in Sources */ = {isa = PBXBuildFile; fileRef = 549F0C2E1CC42A0400220FAE /* AppDelegate.swift */; };
		549F0C311CC42A0400220FAE /* ViewController.swift in Sources */ = {isa = PBXBuildFile; fileRef = 549F0C301CC42A0400220FAE /* ViewController.swift */; };
		549F0C341CC42A0400220FAE /* Main.storyboard in Resources */ = {isa = PBXBuildFile; fileRef = 549F0C321CC42A0400220FAE /* Main.storyboard */; };
		549F0C361CC42A0400220FAE /* Assets.xcassets in Resources */ = {isa = PBXBuildFile; fileRef = 549F0C351CC42A0400220FAE /* Assets.xcassets */; };
		549F0C391CC42A0400220FAE /* LaunchScreen.storyboard in Resources */ = {isa = PBXBuildFile; fileRef = 549F0C371CC42A0400220FAE /* LaunchScreen.storyboard */; };
		549F0C461CC42B3800220FAE /* 1@2x.png in Resources */ = {isa = PBXBuildFile; fileRef = 549F0C431CC42B3800220FAE /* 1@2x.png */; };
		549F0C471CC42B3800220FAE /* 2@2x.png in Resources */ = {isa = PBXBuildFile; fileRef = 549F0C441CC42B3800220FAE /* 2@2x.png */; };
		549F0C481CC42B3800220FAE /* 3@2x.png in Resources */ = {isa = PBXBuildFile; fileRef = 549F0C451CC42B3800220FAE /* 3@2x.png */; };
/* End PBXBuildFile section */

/* Begin PBXFileReference section */
		5403FFC11CC70A9D00183B36 /* SecondViewController.swift */ = {isa = PBXFileReference; fileEncoding = 4; lastKnownFileType = sourcecode.swift; name = SecondViewController.swift; path = "../../../../../Katrina/Documents/iOS-practice/pet-app2/pet-app2/SecondViewController.swift"; sourceTree = "<group>"; };
		549F0C2B1CC42A0400220FAE /* pet-app2.app */ = {isa = PBXFileReference; explicitFileType = wrapper.application; includeInIndex = 0; path = "pet-app2.app"; sourceTree = BUILT_PRODUCTS_DIR; };
		549F0C2E1CC42A0400220FAE /* AppDelegate.swift */ = {isa = PBXFileReference; lastKnownFileType = sourcecode.swift; path = AppDelegate.swift; sourceTree = "<group>"; };
		549F0C301CC42A0400220FAE /* ViewController.swift */ = {isa = PBXFileReference; lastKnownFileType = sourcecode.swift; path = ViewController.swift; sourceTree = "<group>"; };
		549F0C331CC42A0400220FAE /* Base */ = {isa = PBXFileReference; lastKnownFileType = file.storyboard; name = Base; path = Base.lproj/Main.storyboard; sourceTree = "<group>"; };
		549F0C351CC42A0400220FAE /* Assets.xcassets */ = {isa = PBXFileReference; lastKnownFileType = folder.assetcatalog; path = Assets.xcassets; sourceTree = "<group>"; };
		549F0C381CC42A0400220FAE /* Base */ = {isa = PBXFileReference; lastKnownFileType = file.storyboard; name = Base; path = Base.lproj/LaunchScreen.storyboard; sourceTree = "<group>"; };
		549F0C3A1CC42A0400220FAE /* Info.plist */ = {isa = PBXFileReference; lastKnownFileType = text.plist.xml; path = Info.plist; sourceTree = "<group>"; };
		549F0C431CC42B3800220FAE /* 1@2x.png */ = {isa = PBXFileReference; lastKnownFileType = image.png; path = "1@2x.png"; sourceTree = "<group>"; };
		549F0C441CC42B3800220FAE /* 2@2x.png */ = {isa = PBXFileReference; lastKnownFileType = image.png; path = "2@2x.png"; sourceTree = "<group>"; };
		549F0C451CC42B3800220FAE /* 3@2x.png */ = {isa = PBXFileReference; lastKnownFileType = image.png; path = "3@2x.png"; sourceTree = "<group>"; };
/* End PBXFileReference section */

/* Begin PBXFrameworksBuildPhase section */
		549F0C281CC42A0400220FAE /* Frameworks */ = {
			isa = PBXFrameworksBuildPhase;
			buildActionMask = 2147483647;
			files = (
			);
			runOnlyForDeploymentPostprocessing = 0;
		};
/* End PBXFrameworksBuildPhase section */

/* Begin PBXGroup section */
		549F0C221CC42A0400220FAE = {
			isa = PBXGroup;
			children = (
				549F0C2D1CC42A0400220FAE /* pet-app2 */,
				549F0C2C1CC42A0400220FAE /* Products */,
			);
			sourceTree = "<group>";
		};
		549F0C2C1CC42A0400220FAE /* Products */ = {
			isa = PBXGroup;
			children = (
				549F0C2B1CC42A0400220FAE /* pet-app2.app */,
			);
			name = Products;
			sourceTree = "<group>";
		};
		549F0C2D1CC42A0400220FAE /* pet-app2 */ = {
			isa = PBXGroup;
			children = (
				549F0C421CC42B3800220FAE /* images-dogs */,
				549F0C2E1CC42A0400220FAE /* AppDelegate.swift */,
				549F0C301CC42A0400220FAE /* ViewController.swift */,
				5403FFC11CC70A9D00183B36 /* SecondViewController.swift */,
				549F0C321CC42A0400220FAE /* Main.storyboard */,
				549F0C351CC42A0400220FAE /* Assets.xcassets */,
				549F0C371CC42A0400220FAE /* LaunchScreen.storyboard */,
				549F0C3A1CC42A0400220FAE /* Info.plist */,
			);
			path = "pet-app2";
			sourceTree = "<group>";
		};
		549F0C421CC42B3800220FAE /* images-dogs */ = {
			isa = PBXGroup;
			children = (
				549F0C431CC42B3800220FAE /* 1@2x.png */,
				549F0C441CC42B3800220FAE /* 2@2x.png */,
				549F0C451CC42B3800220FAE /* 3@2x.png */,
			);
			path = "images-dogs";
			sourceTree = "<group>";
		};
/* End PBXGroup section */

/* Begin PBXNativeTarget section */
		549F0C2A1CC42A0400220FAE /* pet-app2 */ = {
			isa = PBXNativeTarget;
			buildConfigurationList = 549F0C3D1CC42A0400220FAE /* Build configuration list for PBXNativeTarget "pet-app2" */;
			buildPhases = (
				549F0C271CC42A0400220FAE /* Sources */,
				549F0C281CC42A0400220FAE /* Frameworks */,
				549F0C291CC42A0400220FAE /* Resources */,
			);
			buildRules = (
			);
			dependencies = (
			);
			name = "pet-app2";
			productName = "pet-app2";
			productReference = 549F0C2B1CC42A0400220FAE /* pet-app2.app */;
			productType = "com.apple.product-type.application";
		};
/* End PBXNativeTarget section */

/* Begin PBXProject section */
		549F0C231CC42A0400220FAE /* Project object */ = {
			isa = PBXProject;
			attributes = {
				LastSwiftUpdateCheck = 0730;
				LastUpgradeCheck = 0730;
				ORGANIZATIONNAME = "kat-co";
				TargetAttributes = {
					549F0C2A1CC42A0400220FAE = {
						CreatedOnToolsVersion = 7.3;
						DevelopmentTeam = QDUUW7F987;
					};
				};
			};
			buildConfigurationList = 549F0C261CC42A0400220FAE /* Build configuration list for PBXProject "pet-app2" */;
			compatibilityVersion = "Xcode 3.2";
			developmentRegion = English;
			hasScannedForEncodings = 0;
			knownRegions = (
				en,
				Base,
			);
			mainGroup = 549F0C221CC42A0400220FAE;
			productRefGroup = 549F0C2C1CC42A0400220FAE /* Products */;
			projectDirPath = "";
			projectRoot = "";
			targets = (
				549F0C2A1CC42A0400220FAE /* pet-app2 */,
			);
		};
/* End PBXProject section */

/* Begin PBXResourcesBuildPhase section */
		549F0C291CC42A0400220FAE /* Resources */ = {
			isa = PBXResourcesBuildPhase;
			buildActionMask = 2147483647;
			files = (
				549F0C481CC42B3800220FAE /* 3@2x.png in Resources */,
				549F0C391CC42A0400220FAE /* LaunchScreen.storyboard in Resources */,
				549F0C361CC42A0400220FAE /* Assets.xcassets in Resources */,
				549F0C471CC42B3800220FAE /* 2@2x.png in Resources */,
				549F0C461CC42B3800220FAE /* 1@2x.png in Resources */,
				549F0C341CC42A0400220FAE /* Main.storyboard in Resources */,
			);
			runOnlyForDeploymentPostprocessing = 0;
		};
/* End PBXResourcesBuildPhase section */

/* Begin PBXSourcesBuildPhase section */
		549F0C271CC42A0400220FAE /* Sources */ = {
			isa = PBXSourcesBuildPhase;
			buildActionMask = 2147483647;
			files = (
				5403FFC21CC70A9D00183B36 /* SecondViewController.swift in Sources */,
				549F0C311CC42A0400220FAE /* ViewController.swift in Sources */,
				549F0C2F1CC42A0400220FAE /* AppDelegate.swift in Sources */,
			);
			runOnlyForDeploymentPostprocessing = 0;
		};
/* End PBXSourcesBuildPhase section */

/* Begin PBXVariantGroup section */
		549F0C321CC42A0400220FAE /* Main.storyboard */ = {
			isa = PBXVariantGroup;
			children = (
				549F0C331CC42A0400220FAE /* Base */,
			);
			name = Main.storyboard;
			sourceTree = "<group>";
		};
		549F0C371CC42A0400220FAE /* LaunchScreen.storyboard */ = {
			isa = PBXVariantGroup;
			children = (
				549F0C381CC42A0400220FAE /* Base */,
			);
			name = LaunchScreen.storyboard;
			sourceTree = "<group>";
		};
/* End PBXVariantGroup section */

/* Begin XCBuildConfiguration section */
		549F0C3B1CC42A0400220FAE /* Debug */ = {
			isa = XCBuildConfiguration;
			buildSettings = {
				ALWAYS_SEARCH_USER_PATHS = NO;
				CLANG_ANALYZER_NONNULL = YES;
				CLANG_CXX_LANGUAGE_STANDARD = "gnu++0x";
				CLANG_CXX_LIBRARY = "libc++";
				CLANG_ENABLE_MODULES = YES;
				CLANG_ENABLE_OBJC_ARC = YES;
				CLANG_WARN_BOOL_CONVERSION = YES;
				CLANG_WARN_CONSTANT_CONVERSION = YES;
				CLANG_WARN_DIRECT_OBJC_ISA_USAGE = YES_ERROR;
				CLANG_WARN_EMPTY_BODY = YES;
				CLANG_WARN_ENUM_CONVERSION = YES;
				CLANG_WARN_INT_CONVERSION = YES;
				CLANG_WARN_OBJC_ROOT_CLASS = YES_ERROR;
				CLANG_WARN_UNREACHABLE_CODE = YES;
				CLANG_WARN__DUPLICATE_METHOD_MATCH = YES;
				"CODE_SIGN_IDENTITY[sdk=iphoneos*]" = "iPhone Developer";
				COPY_PHASE_STRIP = NO;
				DEBUG_INFORMATION_FORMAT = dwarf;
				ENABLE_STRICT_OBJC_MSGSEND = YES;
				ENABLE_TESTABILITY = YES;
				GCC_C_LANGUAGE_STANDARD = gnu99;
				GCC_DYNAMIC_NO_PIC = NO;
				GCC_NO_COMMON_BLOCKS = YES;
				GCC_OPTIMIZATION_LEVEL = 0;
				GCC_PREPROCESSOR_DEFINITIONS = (
					"DEBUG=1",
					"$(inherited)",
				);
				GCC_WARN_64_TO_32_BIT_CONVERSION = YES;
				GCC_WARN_ABOUT_RETURN_TYPE = YES_ERROR;
				GCC_WARN_UNDECLARED_SELECTOR = YES;
				GCC_WARN_UNINITIALIZED_AUTOS = YES_AGGRESSIVE;
				GCC_WARN_UNUSED_FUNCTION = YES;
				GCC_WARN_UNUSED_VARIABLE = YES;
				IPHONEOS_DEPLOYMENT_TARGET = 9.3;
				MTL_ENABLE_DEBUG_INFO = YES;
				ONLY_ACTIVE_ARCH = YES;
				SDKROOT = iphoneos;
				SWIFT_OPTIMIZATION_LEVEL = "-Onone";
			};
			name = Debug;
		};
		549F0C3C1CC42A0400220FAE /* Release */ = {
			isa = XCBuildConfiguration;
			buildSettings = {
				ALWAYS_SEARCH_USER_PATHS = NO;
				CLANG_ANALYZER_NONNULL = YES;
				CLANG_CXX_LANGUAGE_STANDARD = "gnu++0x";
				CLANG_CXX_LIBRARY = "libc++";
				CLANG_ENABLE_MODULES = YES;
				CLANG_ENABLE_OBJC_ARC = YES;
				CLANG_WARN_BOOL_CONVERSION = YES;
				CLANG_WARN_CONSTANT_CONVERSION = YES;
				CLANG_WARN_DIRECT_OBJC_ISA_USAGE = YES_ERROR;
				CLANG_WARN_EMPTY_BODY = YES;
				CLANG_WARN_ENUM_CONVERSION = YES;
				CLANG_WARN_INT_CONVERSION = YES;
				CLANG_WARN_OBJC_ROOT_CLASS = YES_ERROR;
				CLANG_WARN_UNREACHABLE_CODE = YES;
				CLANG_WARN__DUPLICATE_METHOD_MATCH = YES;
				"CODE_SIGN_IDENTITY[sdk=iphoneos*]" = "iPhone Developer";
				COPY_PHASE_STRIP = NO;
				DEBUG_INFORMATION_FORMAT = "dwarf-with-dsym";
				ENABLE_NS_ASSERTIONS = NO;
				ENABLE_STRICT_OBJC_MSGSEND = YES;
				GCC_C_LANGUAGE_STANDARD = gnu99;
				GCC_NO_COMMON_BLOCKS = YES;
				GCC_WARN_64_TO_32_BIT_CONVERSION = YES;
				GCC_WARN_ABOUT_RETURN_TYPE = YES_ERROR;
				GCC_WARN_UNDECLARED_SELECTOR = YES;
				GCC_WARN_UNINITIALIZED_AUTOS = YES_AGGRESSIVE;
				GCC_WARN_UNUSED_FUNCTION = YES;
				GCC_WARN_UNUSED_VARIABLE = YES;
				IPHONEOS_DEPLOYMENT_TARGET = 9.3;
				MTL_ENABLE_DEBUG_INFO = NO;
				SDKROOT = iphoneos;
				VALIDATE_PRODUCT = YES;
			};
			name = Release;
		};
		549F0C3E1CC42A0400220FAE /* Debug */ = {
			isa = XCBuildConfiguration;
			buildSettings = {
				ASSETCATALOG_COMPILER_APPICON_NAME = AppIcon;
				CODE_SIGN_IDENTITY = "iPhone Developer";
				"CODE_SIGN_IDENTITY[sdk=iphoneos*]" = "iPhone Developer";
				INFOPLIST_FILE = "pet-app2/Info.plist";
				LD_RUNPATH_SEARCH_PATHS = "$(inherited) @executable_path/Frameworks";
				PRODUCT_BUNDLE_IDENTIFIER = "com.kat.pet-app2";
				PRODUCT_NAME = "$(TARGET_NAME)";
				PROVISIONING_PROFILE = "";
			};
			name = Debug;
		};
		549F0C3F1CC42A0400220FAE /* Release */ = {
			isa = XCBuildConfiguration;
			buildSettings = {
				ASSETCATALOG_COMPILER_APPICON_NAME = AppIcon;
				CODE_SIGN_IDENTITY = "iPhone Developer";
				"CODE_SIGN_IDENTITY[sdk=iphoneos*]" = "iPhone Developer";
				INFOPLIST_FILE = "pet-app2/Info.plist";
				LD_RUNPATH_SEARCH_PATHS = "$(inherited) @executable_path/Frameworks";
				PRODUCT_BUNDLE_IDENTIFIER = "com.kat.pet-app2";
				PRODUCT_NAME = "$(TARGET_NAME)";
				PROVISIONING_PROFILE = "";
			};
			name = Release;
		};
/* End XCBuildConfiguration section */

/* Begin XCConfigurationList section */
		549F0C261CC42A0400220FAE /* Build configuration list for PBXProject "pet-app2" */ = {
			isa = XCConfigurationList;
			buildConfigurations = (
				549F0C3B1CC42A0400220FAE /* Debug */,
				549F0C3C1CC42A0400220FAE /* Release */,
			);
			defaultConfigurationIsVisible = 0;
			defaultConfigurationName = Release;
		};
		549F0C3D1CC42A0400220FAE /* Build configuration list for PBXNativeTarget "pet-app2" */ = {
			isa = XCConfigurationList;
			buildConfigurations = (
				549F0C3E1CC42A0400220FAE /* Debug */,
				549F0C3F1CC42A0400220FAE /* Release */,
			);
			defaultConfigurationIsVisible = 0;
			defaultConfigurationName = Release;
		};
/* End XCConfigurationList section */
	};
	rootObject = 549F0C231CC42A0400220FAE /* Project object */;
}
