// !$*UTF8*$!
{
	archiveVersion = 1;
	classes = {
	};
	objectVersion = 46;
	objects = {

/* Begin PBXBuildFile section */
		54FCFA341CCEDC6B00FED7F5 /* AppDelegate.swift in Sources */ = {isa = PBXBuildFile; fileRef = 54FCFA331CCEDC6B00FED7F5 /* AppDelegate.swift */; };
		54FCFA361CCEDC6B00FED7F5 /* ViewController.swift in Sources */ = {isa = PBXBuildFile; fileRef = 54FCFA351CCEDC6B00FED7F5 /* ViewController.swift */; };
		54FCFA391CCEDC6B00FED7F5 /* Main.storyboard in Resources */ = {isa = PBXBuildFile; fileRef = 54FCFA371CCEDC6B00FED7F5 /* Main.storyboard */; };
		54FCFA3B1CCEDC6B00FED7F5 /* Assets.xcassets in Resources */ = {isa = PBXBuildFile; fileRef = 54FCFA3A1CCEDC6B00FED7F5 /* Assets.xcassets */; };
		54FCFA3E1CCEDC6B00FED7F5 /* LaunchScreen.storyboard in Resources */ = {isa = PBXBuildFile; fileRef = 54FCFA3C1CCEDC6B00FED7F5 /* LaunchScreen.storyboard */; };
/* End PBXBuildFile section */

/* Begin PBXFileReference section */
		54FCFA301CCEDC6B00FED7F5 /* tableView.app */ = {isa = PBXFileReference; explicitFileType = wrapper.application; includeInIndex = 0; path = tableView.app; sourceTree = BUILT_PRODUCTS_DIR; };
		54FCFA331CCEDC6B00FED7F5 /* AppDelegate.swift */ = {isa = PBXFileReference; lastKnownFileType = sourcecode.swift; path = AppDelegate.swift; sourceTree = "<group>"; };
		54FCFA351CCEDC6B00FED7F5 /* ViewController.swift */ = {isa = PBXFileReference; lastKnownFileType = sourcecode.swift; path = ViewController.swift; sourceTree = "<group>"; };
		54FCFA381CCEDC6B00FED7F5 /* Base */ = {isa = PBXFileReference; lastKnownFileType = file.storyboard; name = Base; path = Base.lproj/Main.storyboard; sourceTree = "<group>"; };
		54FCFA3A1CCEDC6B00FED7F5 /* Assets.xcassets */ = {isa = PBXFileReference; lastKnownFileType = folder.assetcatalog; path = Assets.xcassets; sourceTree = "<group>"; };
		54FCFA3D1CCEDC6B00FED7F5 /* Base */ = {isa = PBXFileReference; lastKnownFileType = file.storyboard; name = Base; path = Base.lproj/LaunchScreen.storyboard; sourceTree = "<group>"; };
		54FCFA3F1CCEDC6B00FED7F5 /* Info.plist */ = {isa = PBXFileReference; lastKnownFileType = text.plist.xml; path = Info.plist; sourceTree = "<group>"; };
/* End PBXFileReference section */

/* Begin PBXFrameworksBuildPhase section */
		54FCFA2D1CCEDC6B00FED7F5 /* Frameworks */ = {
			isa = PBXFrameworksBuildPhase;
			buildActionMask = 2147483647;
			files = (
			);
			runOnlyForDeploymentPostprocessing = 0;
		};
/* End PBXFrameworksBuildPhase section */

/* Begin PBXGroup section */
		54FCFA271CCEDC6B00FED7F5 = {
			isa = PBXGroup;
			children = (
				54FCFA321CCEDC6B00FED7F5 /* tableView */,
				54FCFA311CCEDC6B00FED7F5 /* Products */,
			);
			sourceTree = "<group>";
		};
		54FCFA311CCEDC6B00FED7F5 /* Products */ = {
			isa = PBXGroup;
			children = (
				54FCFA301CCEDC6B00FED7F5 /* tableView.app */,
			);
			name = Products;
			sourceTree = "<group>";
		};
		54FCFA321CCEDC6B00FED7F5 /* tableView */ = {
			isa = PBXGroup;
			children = (
				54FCFA331CCEDC6B00FED7F5 /* AppDelegate.swift */,
				54FCFA351CCEDC6B00FED7F5 /* ViewController.swift */,
				54FCFA371CCEDC6B00FED7F5 /* Main.storyboard */,
				54FCFA3A1CCEDC6B00FED7F5 /* Assets.xcassets */,
				54FCFA3C1CCEDC6B00FED7F5 /* LaunchScreen.storyboard */,
				54FCFA3F1CCEDC6B00FED7F5 /* Info.plist */,
			);
			path = tableView;
			sourceTree = "<group>";
		};
/* End PBXGroup section */

/* Begin PBXNativeTarget section */
		54FCFA2F1CCEDC6B00FED7F5 /* tableView */ = {
			isa = PBXNativeTarget;
			buildConfigurationList = 54FCFA421CCEDC6B00FED7F5 /* Build configuration list for PBXNativeTarget "tableView" */;
			buildPhases = (
				54FCFA2C1CCEDC6B00FED7F5 /* Sources */,
				54FCFA2D1CCEDC6B00FED7F5 /* Frameworks */,
				54FCFA2E1CCEDC6B00FED7F5 /* Resources */,
			);
			buildRules = (
			);
			dependencies = (
			);
			name = tableView;
			productName = tableView;
			productReference = 54FCFA301CCEDC6B00FED7F5 /* tableView.app */;
			productType = "com.apple.product-type.application";
		};
/* End PBXNativeTarget section */

/* Begin PBXProject section */
		54FCFA281CCEDC6B00FED7F5 /* Project object */ = {
			isa = PBXProject;
			attributes = {
				LastSwiftUpdateCheck = 0730;
				LastUpgradeCheck = 0730;
				ORGANIZATIONNAME = "kat-co";
				TargetAttributes = {
					54FCFA2F1CCEDC6B00FED7F5 = {
						CreatedOnToolsVersion = 7.3;
						DevelopmentTeam = QDUUW7F987;
					};
				};
			};
			buildConfigurationList = 54FCFA2B1CCEDC6B00FED7F5 /* Build configuration list for PBXProject "tableView" */;
			compatibilityVersion = "Xcode 3.2";
			developmentRegion = English;
			hasScannedForEncodings = 0;
			knownRegions = (
				en,
				Base,
			);
			mainGroup = 54FCFA271CCEDC6B00FED7F5;
			productRefGroup = 54FCFA311CCEDC6B00FED7F5 /* Products */;
			projectDirPath = "";
			projectRoot = "";
			targets = (
				54FCFA2F1CCEDC6B00FED7F5 /* tableView */,
			);
		};
/* End PBXProject section */

/* Begin PBXResourcesBuildPhase section */
		54FCFA2E1CCEDC6B00FED7F5 /* Resources */ = {
			isa = PBXResourcesBuildPhase;
			buildActionMask = 2147483647;
			files = (
				54FCFA3E1CCEDC6B00FED7F5 /* LaunchScreen.storyboard in Resources */,
				54FCFA3B1CCEDC6B00FED7F5 /* Assets.xcassets in Resources */,
				54FCFA391CCEDC6B00FED7F5 /* Main.storyboard in Resources */,
			);
			runOnlyForDeploymentPostprocessing = 0;
		};
/* End PBXResourcesBuildPhase section */

/* Begin PBXSourcesBuildPhase section */
		54FCFA2C1CCEDC6B00FED7F5 /* Sources */ = {
			isa = PBXSourcesBuildPhase;
			buildActionMask = 2147483647;
			files = (
				54FCFA361CCEDC6B00FED7F5 /* ViewController.swift in Sources */,
				54FCFA341CCEDC6B00FED7F5 /* AppDelegate.swift in Sources */,
			);
			runOnlyForDeploymentPostprocessing = 0;
		};
/* End PBXSourcesBuildPhase section */

/* Begin PBXVariantGroup section */
		54FCFA371CCEDC6B00FED7F5 /* Main.storyboard */ = {
			isa = PBXVariantGroup;
			children = (
				54FCFA381CCEDC6B00FED7F5 /* Base */,
			);
			name = Main.storyboard;
			sourceTree = "<group>";
		};
		54FCFA3C1CCEDC6B00FED7F5 /* LaunchScreen.storyboard */ = {
			isa = PBXVariantGroup;
			children = (
				54FCFA3D1CCEDC6B00FED7F5 /* Base */,
			);
			name = LaunchScreen.storyboard;
			sourceTree = "<group>";
		};
/* End PBXVariantGroup section */

/* Begin XCBuildConfiguration section */
		54FCFA401CCEDC6B00FED7F5 /* Debug */ = {
			isa = XCBuildConfiguration;
			buildSettings = {
				ALWAYS_SEARCH_USER_PATHS = NO;
				CLANG_ANALYZER_NONNULL = YES;
				CLANG_CXX_LANGUAGE_STANDARD = "gnu++0x";
				CLANG_CXX_LIBRARY = "libc++";
				CLANG_ENABLE_MODULES = YES;
				CLANG_ENABLE_OBJC_ARC = YES;
				CLANG_WARN_BOOL_CONVERSION = YES;
				CLANG_WARN_CONSTANT_CONVERSION = YES;
				CLANG_WARN_DIRECT_OBJC_ISA_USAGE = YES_ERROR;
				CLANG_WARN_EMPTY_BODY = YES;
				CLANG_WARN_ENUM_CONVERSION = YES;
				CLANG_WARN_INT_CONVERSION = YES;
				CLANG_WARN_OBJC_ROOT_CLASS = YES_ERROR;
				CLANG_WARN_UNREACHABLE_CODE = YES;
				CLANG_WARN__DUPLICATE_METHOD_MATCH = YES;
				"CODE_SIGN_IDENTITY[sdk=iphoneos*]" = "iPhone Developer";
				COPY_PHASE_STRIP = NO;
				DEBUG_INFORMATION_FORMAT = dwarf;
				ENABLE_STRICT_OBJC_MSGSEND = YES;
				ENABLE_TESTABILITY = YES;
				GCC_C_LANGUAGE_STANDARD = gnu99;
				GCC_DYNAMIC_NO_PIC = NO;
				GCC_NO_COMMON_BLOCKS = YES;
				GCC_OPTIMIZATION_LEVEL = 0;
				GCC_PREPROCESSOR_DEFINITIONS = (
					"DEBUG=1",
					"$(inherited)",
				);
				GCC_WARN_64_TO_32_BIT_CONVERSION = YES;
				GCC_WARN_ABOUT_RETURN_TYPE = YES_ERROR;
				GCC_WARN_UNDECLARED_SELECTOR = YES;
				GCC_WARN_UNINITIALIZED_AUTOS = YES_AGGRESSIVE;
				GCC_WARN_UNUSED_FUNCTION = YES;
				GCC_WARN_UNUSED_VARIABLE = YES;
				IPHONEOS_DEPLOYMENT_TARGET = 9.3;
				MTL_ENABLE_DEBUG_INFO = YES;
				ONLY_ACTIVE_ARCH = YES;
				SDKROOT = iphoneos;
				SWIFT_OPTIMIZATION_LEVEL = "-Onone";
			};
			name = Debug;
		};
		54FCFA411CCEDC6B00FED7F5 /* Release */ = {
			isa = XCBuildConfiguration;
			buildSettings = {
				ALWAYS_SEARCH_USER_PATHS = NO;
				CLANG_ANALYZER_NONNULL = YES;
				CLANG_CXX_LANGUAGE_STANDARD = "gnu++0x";
				CLANG_CXX_LIBRARY = "libc++";
				CLANG_ENABLE_MODULES = YES;
				CLANG_ENABLE_OBJC_ARC = YES;
				CLANG_WARN_BOOL_CONVERSION = YES;
				CLANG_WARN_CONSTANT_CONVERSION = YES;
				CLANG_WARN_DIRECT_OBJC_ISA_USAGE = YES_ERROR;
				CLANG_WARN_EMPTY_BODY = YES;
				CLANG_WARN_ENUM_CONVERSION = YES;
				CLANG_WARN_INT_CONVERSION = YES;
				CLANG_WARN_OBJC_ROOT_CLASS = YES_ERROR;
				CLANG_WARN_UNREACHABLE_CODE = YES;
				CLANG_WARN__DUPLICATE_METHOD_MATCH = YES;
				"CODE_SIGN_IDENTITY[sdk=iphoneos*]" = "iPhone Developer";
				COPY_PHASE_STRIP = NO;
				DEBUG_INFORMATION_FORMAT = "dwarf-with-dsym";
				ENABLE_NS_ASSERTIONS = NO;
				ENABLE_STRICT_OBJC_MSGSEND = YES;
				GCC_C_LANGUAGE_STANDARD = gnu99;
				GCC_NO_COMMON_BLOCKS = YES;
				GCC_WARN_64_TO_32_BIT_CONVERSION = YES;
				GCC_WARN_ABOUT_RETURN_TYPE = YES_ERROR;
				GCC_WARN_UNDECLARED_SELECTOR = YES;
				GCC_WARN_UNINITIALIZED_AUTOS = YES_AGGRESSIVE;
				GCC_WARN_UNUSED_FUNCTION = YES;
				GCC_WARN_UNUSED_VARIABLE = YES;
				IPHONEOS_DEPLOYMENT_TARGET = 9.3;
				MTL_ENABLE_DEBUG_INFO = NO;
				SDKROOT = iphoneos;
				VALIDATE_PRODUCT = YES;
			};
			name = Release;
		};
		54FCFA431CCEDC6B00FED7F5 /* Debug */ = {
			isa = XCBuildConfiguration;
			buildSettings = {
				ASSETCATALOG_COMPILER_APPICON_NAME = AppIcon;
				INFOPLIST_FILE = tableView/Info.plist;
				LD_RUNPATH_SEARCH_PATHS = "$(inherited) @executable_path/Frameworks";
				PRODUCT_BUNDLE_IDENTIFIER = com.kat.tableView;
				PRODUCT_NAME = "$(TARGET_NAME)";
			};
			name = Debug;
		};
		54FCFA441CCEDC6B00FED7F5 /* Release */ = {
			isa = XCBuildConfiguration;
			buildSettings = {
				ASSETCATALOG_COMPILER_APPICON_NAME = AppIcon;
				INFOPLIST_FILE = tableView/Info.plist;
				LD_RUNPATH_SEARCH_PATHS = "$(inherited) @executable_path/Frameworks";
				PRODUCT_BUNDLE_IDENTIFIER = com.kat.tableView;
				PRODUCT_NAME = "$(TARGET_NAME)";
			};
			name = Release;
		};
/* End XCBuildConfiguration section */

/* Begin XCConfigurationList section */
		54FCFA2B1CCEDC6B00FED7F5 /* Build configuration list for PBXProject "tableView" */ = {
			isa = XCConfigurationList;
			buildConfigurations = (
				54FCFA401CCEDC6B00FED7F5 /* Debug */,
				54FCFA411CCEDC6B00FED7F5 /* Release */,
			);
			defaultConfigurationIsVisible = 0;
			defaultConfigurationName = Release;
		};
		54FCFA421CCEDC6B00FED7F5 /* Build configuration list for PBXNativeTarget "tableView" */ = {
			isa = XCConfigurationList;
			buildConfigurations = (
				54FCFA431CCEDC6B00FED7F5 /* Debug */,
				54FCFA441CCEDC6B00FED7F5 /* Release */,
			);
			defaultConfigurationIsVisible = 0;
		};
/* End XCConfigurationList section */
	};
	rootObject = 54FCFA281CCEDC6B00FED7F5 /* Project object */;
}
