// !$*UTF8*$!
{
	archiveVersion = 1;
	classes = {
	};
	objectVersion = 46;
	objects = {

/* Begin PBXBuildFile section */
		5403FFA51CC462DD00183B36 /* AppDelegate.swift in Sources */ = {isa = PBXBuildFile; fileRef = 5403FFA41CC462DD00183B36 /* AppDelegate.swift */; };
		5403FFAC1CC462DD00183B36 /* Assets.xcassets in Resources */ = {isa = PBXBuildFile; fileRef = 5403FFAB1CC462DD00183B36 /* Assets.xcassets */; };
		5403FFB91CC4639600183B36 /* HomeViewController.swift in Sources */ = {isa = PBXBuildFile; fileRef = 5403FFB81CC4639600183B36 /* HomeViewController.swift */; };
		5403FFBC1CC463CB00183B36 /* BaseViewController.swift in Sources */ = {isa = PBXBuildFile; fileRef = 5403FFBB1CC463CB00183B36 /* BaseViewController.swift */; };
/* End PBXBuildFile section */

/* Begin PBXFileReference section */
		5403FFA11CC462DD00183B36 /* trash-talk.app */ = {isa = PBXFileReference; explicitFileType = wrapper.application; includeInIndex = 0; path = "trash-talk.app"; sourceTree = BUILT_PRODUCTS_DIR; };
		5403FFA41CC462DD00183B36 /* AppDelegate.swift */ = {isa = PBXFileReference; lastKnownFileType = sourcecode.swift; path = AppDelegate.swift; sourceTree = "<group>"; };
		5403FFAB1CC462DD00183B36 /* Assets.xcassets */ = {isa = PBXFileReference; lastKnownFileType = folder.assetcatalog; path = Assets.xcassets; sourceTree = "<group>"; };
		5403FFB01CC462DD00183B36 /* Info.plist */ = {isa = PBXFileReference; lastKnownFileType = text.plist.xml; path = Info.plist; sourceTree = "<group>"; };
		5403FFB81CC4639600183B36 /* HomeViewController.swift */ = {isa = PBXFileReference; fileEncoding = 4; lastKnownFileType = sourcecode.swift; path = HomeViewController.swift; sourceTree = "<group>"; };
		5403FFBB1CC463CB00183B36 /* BaseViewController.swift */ = {isa = PBXFileReference; fileEncoding = 4; lastKnownFileType = sourcecode.swift; path = BaseViewController.swift; sourceTree = "<group>"; };
/* End PBXFileReference section */

/* Begin PBXFrameworksBuildPhase section */
		5403FF9E1CC462DD00183B36 /* Frameworks */ = {
			isa = PBXFrameworksBuildPhase;
			buildActionMask = 2147483647;
			files = (
			);
			runOnlyForDeploymentPostprocessing = 0;
		};
/* End PBXFrameworksBuildPhase section */

/* Begin PBXGroup section */
		5403FF981CC462DD00183B36 = {
			isa = PBXGroup;
			children = (
				5403FFA31CC462DD00183B36 /* trash-talk */,
				5403FFA21CC462DD00183B36 /* Products */,
			);
			sourceTree = "<group>";
		};
		5403FFA21CC462DD00183B36 /* Products */ = {
			isa = PBXGroup;
			children = (
				5403FFA11CC462DD00183B36 /* trash-talk.app */,
			);
			name = Products;
			sourceTree = "<group>";
		};
		5403FFA31CC462DD00183B36 /* trash-talk */ = {
			isa = PBXGroup;
			children = (
				5403FFBA1CC463BC00183B36 /* BaseClasses */,
				5403FFB61CC4632400183B36 /* ViewControllers */,
				5403FFA41CC462DD00183B36 /* AppDelegate.swift */,
				5403FFAB1CC462DD00183B36 /* Assets.xcassets */,
				5403FFB01CC462DD00183B36 /* Info.plist */,
			);
			path = "trash-talk";
			sourceTree = "<group>";
		};
		5403FFB61CC4632400183B36 /* ViewControllers */ = {
			isa = PBXGroup;
			children = (
				5403FFB81CC4639600183B36 /* HomeViewController.swift */,
			);
			name = ViewControllers;
			path = ../ViewControllers;
			sourceTree = "<group>";
		};
		5403FFBA1CC463BC00183B36 /* BaseClasses */ = {
			isa = PBXGroup;
			children = (
				5403FFBB1CC463CB00183B36 /* BaseViewController.swift */,
			);
			name = BaseClasses;
			path = ../BaseClasses;
			sourceTree = "<group>";
		};
/* End PBXGroup section */

/* Begin PBXNativeTarget section */
		5403FFA01CC462DD00183B36 /* trash-talk */ = {
			isa = PBXNativeTarget;
			buildConfigurationList = 5403FFB31CC462DD00183B36 /* Build configuration list for PBXNativeTarget "trash-talk" */;
			buildPhases = (
				5403FF9D1CC462DD00183B36 /* Sources */,
				5403FF9E1CC462DD00183B36 /* Frameworks */,
				5403FF9F1CC462DD00183B36 /* Resources */,
			);
			buildRules = (
			);
			dependencies = (
			);
			name = "trash-talk";
			productName = "trash-talk";
			productReference = 5403FFA11CC462DD00183B36 /* trash-talk.app */;
			productType = "com.apple.product-type.application";
		};
/* End PBXNativeTarget section */

/* Begin PBXProject section */
		5403FF991CC462DD00183B36 /* Project object */ = {
			isa = PBXProject;
			attributes = {
				LastSwiftUpdateCheck = 0730;
				LastUpgradeCheck = 0730;
				ORGANIZATIONNAME = "kat-co";
				TargetAttributes = {
					5403FFA01CC462DD00183B36 = {
						CreatedOnToolsVersion = 7.3;
					};
				};
			};
			buildConfigurationList = 5403FF9C1CC462DD00183B36 /* Build configuration list for PBXProject "trash-talk" */;
			compatibilityVersion = "Xcode 3.2";
			developmentRegion = English;
			hasScannedForEncodings = 0;
			knownRegions = (
				en,
				Base,
			);
			mainGroup = 5403FF981CC462DD00183B36;
			productRefGroup = 5403FFA21CC462DD00183B36 /* Products */;
			projectDirPath = "";
			projectRoot = "";
			targets = (
				5403FFA01CC462DD00183B36 /* trash-talk */,
			);
		};
/* End PBXProject section */

/* Begin PBXResourcesBuildPhase section */
		5403FF9F1CC462DD00183B36 /* Resources */ = {
			isa = PBXResourcesBuildPhase;
			buildActionMask = 2147483647;
			files = (
				5403FFAC1CC462DD00183B36 /* Assets.xcassets in Resources */,
			);
			runOnlyForDeploymentPostprocessing = 0;
		};
/* End PBXResourcesBuildPhase section */

/* Begin PBXSourcesBuildPhase section */
		5403FF9D1CC462DD00183B36 /* Sources */ = {
			isa = PBXSourcesBuildPhase;
			buildActionMask = 2147483647;
			files = (
				5403FFA51CC462DD00183B36 /* AppDelegate.swift in Sources */,
				5403FFB91CC4639600183B36 /* HomeViewController.swift in Sources */,
				5403FFBC1CC463CB00183B36 /* BaseViewController.swift in Sources */,
			);
			runOnlyForDeploymentPostprocessing = 0;
		};
/* End PBXSourcesBuildPhase section */

/* Begin XCBuildConfiguration section */
		5403FFB11CC462DD00183B36 /* Debug */ = {
			isa = XCBuildConfiguration;
			buildSettings = {
				ALWAYS_SEARCH_USER_PATHS = NO;
				CLANG_ANALYZER_NONNULL = YES;
				CLANG_CXX_LANGUAGE_STANDARD = "gnu++0x";
				CLANG_CXX_LIBRARY = "libc++";
				CLANG_ENABLE_MODULES = YES;
				CLANG_ENABLE_OBJC_ARC = YES;
				CLANG_WARN_BOOL_CONVERSION = YES;
				CLANG_WARN_CONSTANT_CONVERSION = YES;
				CLANG_WARN_DIRECT_OBJC_ISA_USAGE = YES_ERROR;
				CLANG_WARN_EMPTY_BODY = YES;
				CLANG_WARN_ENUM_CONVERSION = YES;
				CLANG_WARN_INT_CONVERSION = YES;
				CLANG_WARN_OBJC_ROOT_CLASS = YES_ERROR;
				CLANG_WARN_UNREACHABLE_CODE = YES;
				CLANG_WARN__DUPLICATE_METHOD_MATCH = YES;
				"CODE_SIGN_IDENTITY[sdk=iphoneos*]" = "iPhone Developer";
				COPY_PHASE_STRIP = NO;
				DEBUG_INFORMATION_FORMAT = dwarf;
				ENABLE_STRICT_OBJC_MSGSEND = YES;
				ENABLE_TESTABILITY = YES;
				GCC_C_LANGUAGE_STANDARD = gnu99;
				GCC_DYNAMIC_NO_PIC = NO;
				GCC_NO_COMMON_BLOCKS = YES;
				GCC_OPTIMIZATION_LEVEL = 0;
				GCC_PREPROCESSOR_DEFINITIONS = (
					"DEBUG=1",
					"$(inherited)",
				);
				GCC_WARN_64_TO_32_BIT_CONVERSION = YES;
				GCC_WARN_ABOUT_RETURN_TYPE = YES_ERROR;
				GCC_WARN_UNDECLARED_SELECTOR = YES;
				GCC_WARN_UNINITIALIZED_AUTOS = YES_AGGRESSIVE;
				GCC_WARN_UNUSED_FUNCTION = YES;
				GCC_WARN_UNUSED_VARIABLE = YES;
				IPHONEOS_DEPLOYMENT_TARGET = 9.3;
				MTL_ENABLE_DEBUG_INFO = YES;
				ONLY_ACTIVE_ARCH = YES;
				SDKROOT = iphoneos;
				SWIFT_OPTIMIZATION_LEVEL = "-Onone";
			};
			name = Debug;
		};
		5403FFB21CC462DD00183B36 /* Release */ = {
			isa = XCBuildConfiguration;
			buildSettings = {
				ALWAYS_SEARCH_USER_PATHS = NO;
				CLANG_ANALYZER_NONNULL = YES;
				CLANG_CXX_LANGUAGE_STANDARD = "gnu++0x";
				CLANG_CXX_LIBRARY = "libc++";
				CLANG_ENABLE_MODULES = YES;
				CLANG_ENABLE_OBJC_ARC = YES;
				CLANG_WARN_BOOL_CONVERSION = YES;
				CLANG_WARN_CONSTANT_CONVERSION = YES;
				CLANG_WARN_DIRECT_OBJC_ISA_USAGE = YES_ERROR;
				CLANG_WARN_EMPTY_BODY = YES;
				CLANG_WARN_ENUM_CONVERSION = YES;
				CLANG_WARN_INT_CONVERSION = YES;
				CLANG_WARN_OBJC_ROOT_CLASS = YES_ERROR;
				CLANG_WARN_UNREACHABLE_CODE = YES;
				CLANG_WARN__DUPLICATE_METHOD_MATCH = YES;
				"CODE_SIGN_IDENTITY[sdk=iphoneos*]" = "iPhone Developer";
				COPY_PHASE_STRIP = NO;
				DEBUG_INFORMATION_FORMAT = "dwarf-with-dsym";
				ENABLE_NS_ASSERTIONS = NO;
				ENABLE_STRICT_OBJC_MSGSEND = YES;
				GCC_C_LANGUAGE_STANDARD = gnu99;
				GCC_NO_COMMON_BLOCKS = YES;
				GCC_WARN_64_TO_32_BIT_CONVERSION = YES;
				GCC_WARN_ABOUT_RETURN_TYPE = YES_ERROR;
				GCC_WARN_UNDECLARED_SELECTOR = YES;
				GCC_WARN_UNINITIALIZED_AUTOS = YES_AGGRESSIVE;
				GCC_WARN_UNUSED_FUNCTION = YES;
				GCC_WARN_UNUSED_VARIABLE = YES;
				IPHONEOS_DEPLOYMENT_TARGET = 9.3;
				MTL_ENABLE_DEBUG_INFO = NO;
				SDKROOT = iphoneos;
				VALIDATE_PRODUCT = YES;
			};
			name = Release;
		};
		5403FFB41CC462DD00183B36 /* Debug */ = {
			isa = XCBuildConfiguration;
			buildSettings = {
				ASSETCATALOG_COMPILER_APPICON_NAME = AppIcon;
				INFOPLIST_FILE = "trash-talk/Info.plist";
				LD_RUNPATH_SEARCH_PATHS = "$(inherited) @executable_path/Frameworks";
				PRODUCT_BUNDLE_IDENTIFIER = "com.kat.trash-talk";
				PRODUCT_NAME = "$(TARGET_NAME)";
			};
			name = Debug;
		};
		5403FFB51CC462DD00183B36 /* Release */ = {
			isa = XCBuildConfiguration;
			buildSettings = {
				ASSETCATALOG_COMPILER_APPICON_NAME = AppIcon;
				INFOPLIST_FILE = "trash-talk/Info.plist";
				LD_RUNPATH_SEARCH_PATHS = "$(inherited) @executable_path/Frameworks";
				PRODUCT_BUNDLE_IDENTIFIER = "com.kat.trash-talk";
				PRODUCT_NAME = "$(TARGET_NAME)";
			};
			name = Release;
		};
/* End XCBuildConfiguration section */

/* Begin XCConfigurationList section */
		5403FF9C1CC462DD00183B36 /* Build configuration list for PBXProject "trash-talk" */ = {
			isa = XCConfigurationList;
			buildConfigurations = (
				5403FFB11CC462DD00183B36 /* Debug */,
				5403FFB21CC462DD00183B36 /* Release */,
			);
			defaultConfigurationIsVisible = 0;
			defaultConfigurationName = Release;
		};
		5403FFB31CC462DD00183B36 /* Build configuration list for PBXNativeTarget "trash-talk" */ = {
			isa = XCConfigurationList;
			buildConfigurations = (
				5403FFB41CC462DD00183B36 /* Debug */,
				5403FFB51CC462DD00183B36 /* Release */,
			);
			defaultConfigurationIsVisible = 0;
		};
/* End XCConfigurationList section */
	};
	rootObject = 5403FF991CC462DD00183B36 /* Project object */;
}
